
Microsoft Visual Studio Solution File, Format Version 12.00
# Visual Studio Version 17
VisualStudioVersion = 17.7.34202.233
MinimumVisualStudioVersion = 10.0.40219.1
Project("{9A19103F-16F7-4668-BE54-9A1E7A4F7556}") = "Azki", "Azki\Azki.csproj", "{36E40BE5-8413-4DC6-A017-0E4473073825}"
EndProject
Global
	GlobalSection(SolutionConfigurationPlatforms) = preSolution
		Debug|Any CPU = Debug|Any CPU
		Release|Any CPU = Release|Any CPU
	EndGlobalSection
	GlobalSection(ProjectConfigurationPlatforms) = postSolution
		{36E40BE5-8413-4DC6-A017-0E4473073825}.Debug|Any CPU.ActiveCfg = Debug|Any CPU
		{36E40BE5-8413-4DC6-A017-0E4473073825}.Debug|Any CPU.Build.0 = Debug|Any CPU
		{36E40BE5-8413-4DC6-A017-0E4473073825}.Release|Any CPU.ActiveCfg = Release|Any CPU
		{36E40BE5-8413-4DC6-A017-0E4473073825}.Release|Any CPU.Build.0 = Release|Any CPU
	EndGlobalSection
	GlobalSection(SolutionProperties) = preSolution
		HideSolutionNode = FALSE
	EndGlobalSection
	GlobalSection(ExtensibilityGlobals) = postSolution
		SolutionGuid = {F092A6B7-4375-437F-874D-91F3FE907487}
	EndGlobalSection
EndGlobal
